<?xml version="1.0"?>
<CONFIG>
  <ProjectOptions>
    <Version Value="9"/>
    <General>
      <MainUnit Value="0"/>
      <ResourceType Value="res"/>
      <UseXPManifest Value="True"/>
      <ActiveWindowIndexAtStart Value="0"/>
    </General>
    <i18n>
      <EnableI18N LFM="False"/>
    </i18n>
    <VersionInfo>
      <StringTable ProductVersion=""/>
    </VersionInfo>
    <BuildModes Count="1" Active="Default">
      <Item1 Name="Default" Default="True"/>
    </BuildModes>
    <PublishOptions>
      <Version Value="2"/>
      <IncludeFileFilter Value="*.(pas|pp|inc|lfm|lpr|lrs|lpi|lpk|sh|xml)"/>
      <ExcludeFileFilter Value="*.(bak|ppu|o|so);*~;backup"/>
    </PublishOptions>
    <RunParams>
      <local>
        <FormatVersion Value="1"/>
        <LaunchingApplication PathPlusParams="/usr/bin/xterm -T 'Lazarus Run Output' -e $(LazarusDir)/tools/runwait.sh $(TargetCmdLine)"/>
      </local>
    </RunParams>
    <RequiredPackages Count="1">
      <Item1>
        <PackageName Value="LCL"/>
      </Item1>
    </RequiredPackages>
    <Units Count="4">
      <Unit0>
        <Filename Value="Toro.pas"/>
        <IsPartOfProject Value="True"/>
        <UnitName Value="Toro"/>
        <EditorIndex Value="0"/>
        <WindowIndex Value="0"/>
        <TopLine Value="25"/>
        <CursorPos X="1" Y="54"/>
        <UsageCount Value="23"/>
        <Loaded Value="True"/>
      </Unit0>
      <Unit1>
        <Filename Value="../rtl/drivers/E1000.pas"/>
        <UnitName Value="E1000"/>
        <EditorIndex Value="1"/>
        <WindowIndex Value="0"/>
        <TopLine Value="223"/>
        <CursorPos X="27" Y="238"/>
        <UsageCount Value="11"/>
        <Loaded Value="True"/>
      </Unit1>
      <Unit2>
        <Filename Value="../rtl/Network.pas"/>
        <UnitName Value="Network"/>
        <IsVisibleTab Value="True"/>
        <EditorIndex Value="2"/>
        <WindowIndex Value="0"/>
        <TopLine Value="861"/>
        <CursorPos X="23" Y="895"/>
        <UsageCount Value="11"/>
        <Loaded Value="True"/>
      </Unit2>
      <Unit3>
        <Filename Value="../rtl/drivers/Ne2000.pas"/>
        <UnitName Value="Ne2000"/>
        <EditorIndex Value="3"/>
        <WindowIndex Value="0"/>
        <TopLine Value="121"/>
        <CursorPos X="18" Y="168"/>
        <UsageCount Value="11"/>
        <Loaded Value="True"/>
      </Unit3>
    </Units>
    <JumpHistory Count="29" HistoryIndex="28">
      <Position1>
        <Filename Value="../rtl/drivers/E1000.pas"/>
        <Caret Line="376" Column="33" TopLine="337"/>
      </Position1>
      <Position2>
        <Filename Value="../rtl/drivers/E1000.pas"/>
        <Caret Line="198" Column="20" TopLine="183"/>
      </Position2>
      <Position3>
        <Filename Value="../rtl/drivers/E1000.pas"/>
        <Caret Line="20" Column="26" TopLine="8"/>
      </Position3>
      <Position4>
        <Filename Value="../rtl/drivers/E1000.pas"/>
        <Caret Line="244" Column="43" TopLine="224"/>
      </Position4>
      <Position5>
        <Filename Value="../rtl/drivers/E1000.pas"/>
        <Caret Line="145" Column="20" TopLine="124"/>
      </Position5>
      <Position6>
        <Filename Value="../rtl/drivers/E1000.pas"/>
        <Caret Line="235" Column="70" TopLine="201"/>
      </Position6>
      <Position7>
        <Filename Value="../rtl/drivers/E1000.pas"/>
        <Caret Line="296" Column="57" TopLine="262"/>
      </Position7>
      <Position8>
        <Filename Value="../rtl/drivers/E1000.pas"/>
        <Caret Line="303" Column="73" TopLine="269"/>
      </Position8>
      <Position9>
        <Filename Value="../rtl/drivers/E1000.pas"/>
        <Caret Line="314" Column="57" TopLine="280"/>
      </Position9>
      <Position10>
        <Filename Value="../rtl/drivers/E1000.pas"/>
        <Caret Line="320" Column="73" TopLine="286"/>
      </Position10>
      <Position11>
        <Filename Value="../rtl/Network.pas"/>
        <Caret Line="1172" Column="41" TopLine="1161"/>
      </Position11>
      <Position12>
        <Filename Value="../rtl/Network.pas"/>
        <Caret Line="274" Column="25" TopLine="253"/>
      </Position12>
      <Position13>
        <Filename Value="../rtl/Network.pas"/>
        <Caret Line="604" Column="25" TopLine="582"/>
      </Position13>
      <Position14>
        <Filename Value="../rtl/Network.pas"/>
        <Caret Line="274" Column="25" TopLine="253"/>
      </Position14>
      <Position15>
        <Filename Value="../rtl/Network.pas"/>
        <Caret Line="604" Column="25" TopLine="570"/>
      </Position15>
      <Position16>
        <Filename Value="../rtl/Network.pas"/>
        <Caret Line="654" Column="17" TopLine="632"/>
      </Position16>
      <Position17>
        <Filename Value="../rtl/Network.pas"/>
        <Caret Line="725" Column="17" TopLine="691"/>
      </Position17>
      <Position18>
        <Filename Value="../rtl/Network.pas"/>
        <Caret Line="7" Column="42" TopLine="1"/>
      </Position18>
      <Position19>
        <Filename Value="../rtl/Network.pas"/>
        <Caret Line="274" Column="25" TopLine="252"/>
      </Position19>
      <Position20>
        <Filename Value="../rtl/Network.pas"/>
        <Caret Line="604" Column="25" TopLine="570"/>
      </Position20>
      <Position21>
        <Filename Value="../rtl/Network.pas"/>
        <Caret Line="654" Column="17" TopLine="620"/>
      </Position21>
      <Position22>
        <Filename Value="../rtl/Network.pas"/>
        <Caret Line="725" Column="17" TopLine="691"/>
      </Position22>
      <Position23>
        <Filename Value="../rtl/Network.pas"/>
        <Caret Line="895" Column="23" TopLine="861"/>
      </Position23>
      <Position24>
        <Filename Value="../rtl/Network.pas"/>
        <Caret Line="4" Column="26" TopLine="1"/>
      </Position24>
      <Position25>
        <Filename Value="../rtl/Network.pas"/>
        <Caret Line="15" Column="27" TopLine="1"/>
      </Position25>
      <Position26>
        <Filename Value="../rtl/Network.pas"/>
        <Caret Line="274" Column="25" TopLine="240"/>
      </Position26>
      <Position27>
        <Filename Value="../rtl/Network.pas"/>
        <Caret Line="604" Column="25" TopLine="570"/>
      </Position27>
      <Position28>
        <Filename Value="../rtl/Network.pas"/>
        <Caret Line="654" Column="17" TopLine="620"/>
      </Position28>
      <Position29>
        <Filename Value="../rtl/Network.pas"/>
        <Caret Line="725" Column="14" TopLine="691"/>
      </Position29>
    </JumpHistory>
  </ProjectOptions>
  <CompilerOptions>
    <Version Value="9"/>
    <SearchPaths>
      <IncludeFiles Value="$(ProjOutDir)"/>
      <OtherUnitFiles Value="../rtl;../rtl/drivers"/>
      <LCLWidgetType Value="nogui"/>
    </SearchPaths>
    <Linking>
      <Debugging>
        <UseLineInfoUnit Value="False"/>
      </Debugging>
      <Options>
        <Win32>
          <GraphicApplication Value="True"/>
        </Win32>
      </Options>
    </Linking>
    <Other>
      <CompilerMessages>
        <UseMsgFile Value="True"/>
      </CompilerMessages>
      <CompilerPath Value="$(CompPath)"/>
    </Other>
  </CompilerOptions>
  <Debugging>
    <Exceptions Count="3">
      <Item1>
        <Name Value="EAbort"/>
      </Item1>
      <Item2>
        <Name Value="ECodetoolError"/>
      </Item2>
      <Item3>
        <Name Value="EFOpenError"/>
      </Item3>
    </Exceptions>
  </Debugging>
</CONFIG>
